
Microsoft Visual Studio Solution File, Format Version 12.00
# Visual Studio Version 16
VisualStudioVersion = 16.0.31424.327
MinimumVisualStudioVersion = 10.0.40219.1
Project("{FAE04EC0-301F-11D3-BF4B-00C04F79EFBC}") = "IdleMeister", "IdleMeister.csproj", "{C3E62B96-1E25-4325-8D53-23A36544B9ED}"
EndProject
Global
	GlobalSection(SolutionConfigurationPlatforms) = preSolution
		Debug|Any CPU = Debug|Any CPU
		Release|Any CPU = Release|Any CPU
	EndGlobalSection
	GlobalSection(ProjectConfigurationPlatforms) = postSolution
		{C3E62B96-1E25-4325-8D53-23A36544B9ED}.Debug|Any CPU.ActiveCfg = Debug|Any CPU
		{C3E62B96-1E25-4325-8D53-23A36544B9ED}.Debug|Any CPU.Build.0 = Debug|Any CPU
		{C3E62B96-1E25-4325-8D53-23A36544B9ED}.Release|Any CPU.ActiveCfg = Release|Any CPU
		{C3E62B96-1E25-4325-8D53-23A36544B9ED}.Release|Any CPU.Build.0 = Release|Any CPU
	EndGlobalSection
	GlobalSection(SolutionProperties) = preSolution
		HideSolutionNode = FALSE
	EndGlobalSection
	GlobalSection(ExtensibilityGlobals) = postSolution
		SolutionGuid = {E81E2FA8-6815-41F0-808C-952AC2A5D1F6}
	EndGlobalSection
EndGlobal
